
Microsoft Visual Studio Solution File, Format Version 12.00
# Visual Studio Version 17
VisualStudioVersion = 17.0.31903.59
MinimumVisualStudioVersion = 10.0.40219.1
Project("{2150E333-8FDC-42A3-9474-1A3956D46DE8}") = "src", "src", "{827E0CD3-B72D-47B6-A68D-7590B98EB39B}"
EndProject
Project("{FAE04EC0-301F-11D3-BF4B-00C04F79EFBC}") = "RiskGuard.API", "src\RiskGuard.API\RiskGuard.API.csproj", "{1DCFD70F-E675-46A7-AA13-61A4640FD322}"
EndProject
Project("{FAE04EC0-301F-11D3-BF4B-00C04F79EFBC}") = "RiskGuard.Application", "src\RiskGuard.Application\RiskGuard.Application.csproj", "{D41B1D3E-9687-405D-900B-C89E4EE24CA8}"
EndProject
Project("{FAE04EC0-301F-11D3-BF4B-00C04F79EFBC}") = "RiskGuard.Domain", "src\RiskGuard.Domain\RiskGuard.Domain.csproj", "{DFF496F7-236F-4C6B-AF61-C0E972DB77EE}"
EndProject
Project("{FAE04EC0-301F-11D3-BF4B-00C04F79EFBC}") = "RiskGuard.Infrastructure", "src\RiskGuard.Infrastructure\RiskGuard.Infrastructure.csproj", "{B8129C99-6E4D-4062-AC35-B9C8FC402F60}"
EndProject
Project("{FAE04EC0-301F-11D3-BF4B-00C04F79EFBC}") = "RiskGuard.Persistence", "src\RiskGuard.Persistence\RiskGuard.Persistence.csproj", "{A10B7451-F092-46A6-BB9A-3FDC5FF73BFC}"
EndProject
Project("{2150E333-8FDC-42A3-9474-1A3956D46DE8}") = "tests", "tests", "{0AB3BF05-4346-4AA6-1389-037BE0695223}"
EndProject
Project("{FAE04EC0-301F-11D3-BF4B-00C04F79EFBC}") = "RiskGuard.UnitTests", "tests\RiskGuard.UnitTests\RiskGuard.UnitTests.csproj", "{69FDDFFD-3174-4744-97E3-59A138C717BB}"
EndProject
Project("{FAE04EC0-301F-11D3-BF4B-00C04F79EFBC}") = "RiskGuard.IntegrationTests", "tests\RiskGuard.IntegrationTests\RiskGuard.IntegrationTests.csproj", "{AEABEA4C-77EF-4F4B-825D-FFFE93A1C8FD}"
EndProject
Project("{FAE04EC0-301F-11D3-BF4B-00C04F79EFBC}") = "RiskGuard.Persistence.SqlServerMigrations", "src\RiskGuard.Persistence.SqlServerMigrations\RiskGuard.Persistence.SqlServerMigrations.csproj", "{0D078132-B261-410D-A04F-0ABF5C4C7DD2}"
EndProject
Global
	GlobalSection(SolutionConfigurationPlatforms) = preSolution
		Debug|Any CPU = Debug|Any CPU
		Debug|x64 = Debug|x64
		Debug|x86 = Debug|x86
		Release|Any CPU = Release|Any CPU
		Release|x64 = Release|x64
		Release|x86 = Release|x86
	EndGlobalSection
	GlobalSection(ProjectConfigurationPlatforms) = postSolution
		{1DCFD70F-E675-46A7-AA13-61A4640FD322}.Debug|Any CPU.ActiveCfg = Debug|Any CPU
		{1DCFD70F-E675-46A7-AA13-61A4640FD322}.Debug|Any CPU.Build.0 = Debug|Any CPU
		{1DCFD70F-E675-46A7-AA13-61A4640FD322}.Debug|x64.ActiveCfg = Debug|Any CPU
		{1DCFD70F-E675-46A7-AA13-61A4640FD322}.Debug|x64.Build.0 = Debug|Any CPU
		{1DCFD70F-E675-46A7-AA13-61A4640FD322}.Debug|x86.ActiveCfg = Debug|Any CPU
		{1DCFD70F-E675-46A7-AA13-61A4640FD322}.Debug|x86.Build.0 = Debug|Any CPU
		{1DCFD70F-E675-46A7-AA13-61A4640FD322}.Release|Any CPU.ActiveCfg = Release|Any CPU
		{1DCFD70F-E675-46A7-AA13-61A4640FD322}.Release|Any CPU.Build.0 = Release|Any CPU
		{1DCFD70F-E675-46A7-AA13-61A4640FD322}.Release|x64.ActiveCfg = Release|Any CPU
		{1DCFD70F-E675-46A7-AA13-61A4640FD322}.Release|x64.Build.0 = Release|Any CPU
		{1DCFD70F-E675-46A7-AA13-61A4640FD322}.Release|x86.ActiveCfg = Release|Any CPU
		{1DCFD70F-E675-46A7-AA13-61A4640FD322}.Release|x86.Build.0 = Release|Any CPU
		{D41B1D3E-9687-405D-900B-C89E4EE24CA8}.Debug|Any CPU.ActiveCfg = Debug|Any CPU
		{D41B1D3E-9687-405D-900B-C89E4EE24CA8}.Debug|Any CPU.Build.0 = Debug|Any CPU
		{D41B1D3E-9687-405D-900B-C89E4EE24CA8}.Debug|x64.ActiveCfg = Debug|Any CPU
		{D41B1D3E-9687-405D-900B-C89E4EE24CA8}.Debug|x64.Build.0 = Debug|Any CPU
		{D41B1D3E-9687-405D-900B-C89E4EE24CA8}.Debug|x86.ActiveCfg = Debug|Any CPU
		{D41B1D3E-9687-405D-900B-C89E4EE24CA8}.Debug|x86.Build.0 = Debug|Any CPU
		{D41B1D3E-9687-405D-900B-C89E4EE24CA8}.Release|Any CPU.ActiveCfg = Release|Any CPU
		{D41B1D3E-9687-405D-900B-C89E4EE24CA8}.Release|Any CPU.Build.0 = Release|Any CPU
		{D41B1D3E-9687-405D-900B-C89E4EE24CA8}.Release|x64.ActiveCfg = Release|Any CPU
		{D41B1D3E-9687-405D-900B-C89E4EE24CA8}.Release|x64.Build.0 = Release|Any CPU
		{D41B1D3E-9687-405D-900B-C89E4EE24CA8}.Release|x86.ActiveCfg = Release|Any CPU
		{D41B1D3E-9687-405D-900B-C89E4EE24CA8}.Release|x86.Build.0 = Release|Any CPU
		{DFF496F7-236F-4C6B-AF61-C0E972DB77EE}.Debug|Any CPU.ActiveCfg = Debug|Any CPU
		{DFF496F7-236F-4C6B-AF61-C0E972DB77EE}.Debug|Any CPU.Build.0 = Debug|Any CPU
		{DFF496F7-236F-4C6B-AF61-C0E972DB77EE}.Debug|x64.ActiveCfg = Debug|Any CPU
		{DFF496F7-236F-4C6B-AF61-C0E972DB77EE}.Debug|x64.Build.0 = Debug|Any CPU
		{DFF496F7-236F-4C6B-AF61-C0E972DB77EE}.Debug|x86.ActiveCfg = Debug|Any CPU
		{DFF496F7-236F-4C6B-AF61-C0E972DB77EE}.Debug|x86.Build.0 = Debug|Any CPU
		{DFF496F7-236F-4C6B-AF61-C0E972DB77EE}.Release|Any CPU.ActiveCfg = Release|Any CPU
		{DFF496F7-236F-4C6B-AF61-C0E972DB77EE}.Release|Any CPU.Build.0 = Release|Any CPU
		{DFF496F7-236F-4C6B-AF61-C0E972DB77EE}.Release|x64.ActiveCfg = Release|Any CPU
		{DFF496F7-236F-4C6B-AF61-C0E972DB77EE}.Release|x64.Build.0 = Release|Any CPU
		{DFF496F7-236F-4C6B-AF61-C0E972DB77EE}.Release|x86.ActiveCfg = Release|Any CPU
		{DFF496F7-236F-4C6B-AF61-C0E972DB77EE}.Release|x86.Build.0 = Release|Any CPU
		{B8129C99-6E4D-4062-AC35-B9C8FC402F60}.Debug|Any CPU.ActiveCfg = Debug|Any CPU
		{B8129C99-6E4D-4062-AC35-B9C8FC402F60}.Debug|Any CPU.Build.0 = Debug|Any CPU
		{B8129C99-6E4D-4062-AC35-B9C8FC402F60}.Debug|x64.ActiveCfg = Debug|Any CPU
		{B8129C99-6E4D-4062-AC35-B9C8FC402F60}.Debug|x64.Build.0 = Debug|Any CPU
		{B8129C99-6E4D-4062-AC35-B9C8FC402F60}.Debug|x86.ActiveCfg = Debug|Any CPU
		{B8129C99-6E4D-4062-AC35-B9C8FC402F60}.Debug|x86.Build.0 = Debug|Any CPU
		{B8129C99-6E4D-4062-AC35-B9C8FC402F60}.Release|Any CPU.ActiveCfg = Release|Any CPU
		{B8129C99-6E4D-4062-AC35-B9C8FC402F60}.Release|Any CPU.Build.0 = Release|Any CPU
		{B8129C99-6E4D-4062-AC35-B9C8FC402F60}.Release|x64.ActiveCfg = Release|Any CPU
		{B8129C99-6E4D-4062-AC35-B9C8FC402F60}.Release|x64.Build.0 = Release|Any CPU
		{B8129C99-6E4D-4062-AC35-B9C8FC402F60}.Release|x86.ActiveCfg = Release|Any CPU
		{B8129C99-6E4D-4062-AC35-B9C8FC402F60}.Release|x86.Build.0 = Release|Any CPU
		{A10B7451-F092-46A6-BB9A-3FDC5FF73BFC}.Debug|Any CPU.ActiveCfg = Debug|Any CPU
		{A10B7451-F092-46A6-BB9A-3FDC5FF73BFC}.Debug|Any CPU.Build.0 = Debug|Any CPU
		{A10B7451-F092-46A6-BB9A-3FDC5FF73BFC}.Debug|x64.ActiveCfg = Debug|Any CPU
		{A10B7451-F092-46A6-BB9A-3FDC5FF73BFC}.Debug|x64.Build.0 = Debug|Any CPU
		{A10B7451-F092-46A6-BB9A-3FDC5FF73BFC}.Debug|x86.ActiveCfg = Debug|Any CPU
		{A10B7451-F092-46A6-BB9A-3FDC5FF73BFC}.Debug|x86.Build.0 = Debug|Any CPU
		{A10B7451-F092-46A6-BB9A-3FDC5FF73BFC}.Release|Any CPU.ActiveCfg = Release|Any CPU
		{A10B7451-F092-46A6-BB9A-3FDC5FF73BFC}.Release|Any CPU.Build.0 = Release|Any CPU
		{A10B7451-F092-46A6-BB9A-3FDC5FF73BFC}.Release|x64.ActiveCfg = Release|Any CPU
		{A10B7451-F092-46A6-BB9A-3FDC5FF73BFC}.Release|x64.Build.0 = Release|Any CPU
		{A10B7451-F092-46A6-BB9A-3FDC5FF73BFC}.Release|x86.ActiveCfg = Release|Any CPU
		{A10B7451-F092-46A6-BB9A-3FDC5FF73BFC}.Release|x86.Build.0 = Release|Any CPU
		{69FDDFFD-3174-4744-97E3-59A138C717BB}.Debug|Any CPU.ActiveCfg = Debug|Any CPU
		{69FDDFFD-3174-4744-97E3-59A138C717BB}.Debug|Any CPU.Build.0 = Debug|Any CPU
		{69FDDFFD-3174-4744-97E3-59A138C717BB}.Debug|x64.ActiveCfg = Debug|Any CPU
		{69FDDFFD-3174-4744-97E3-59A138C717BB}.Debug|x64.Build.0 = Debug|Any CPU
		{69FDDFFD-3174-4744-97E3-59A138C717BB}.Debug|x86.ActiveCfg = Debug|Any CPU
		{69FDDFFD-3174-4744-97E3-59A138C717BB}.Debug|x86.Build.0 = Debug|Any CPU
		{69FDDFFD-3174-4744-97E3-59A138C717BB}.Release|Any CPU.ActiveCfg = Release|Any CPU
		{69FDDFFD-3174-4744-97E3-59A138C717BB}.Release|Any CPU.Build.0 = Release|Any CPU
		{69FDDFFD-3174-4744-97E3-59A138C717BB}.Release|x64.ActiveCfg = Release|Any CPU
		{69FDDFFD-3174-4744-97E3-59A138C717BB}.Release|x64.Build.0 = Release|Any CPU
		{69FDDFFD-3174-4744-97E3-59A138C717BB}.Release|x86.ActiveCfg = Release|Any CPU
		{69FDDFFD-3174-4744-97E3-59A138C717BB}.Release|x86.Build.0 = Release|Any CPU
		{AEABEA4C-77EF-4F4B-825D-FFFE93A1C8FD}.Debug|Any CPU.ActiveCfg = Debug|Any CPU
		{AEABEA4C-77EF-4F4B-825D-FFFE93A1C8FD}.Debug|Any CPU.Build.0 = Debug|Any CPU
		{AEABEA4C-77EF-4F4B-825D-FFFE93A1C8FD}.Debug|x64.ActiveCfg = Debug|Any CPU
		{AEABEA4C-77EF-4F4B-825D-FFFE93A1C8FD}.Debug|x64.Build.0 = Debug|Any CPU
		{AEABEA4C-77EF-4F4B-825D-FFFE93A1C8FD}.Debug|x86.ActiveCfg = Debug|Any CPU
		{AEABEA4C-77EF-4F4B-825D-FFFE93A1C8FD}.Debug|x86.Build.0 = Debug|Any CPU
		{AEABEA4C-77EF-4F4B-825D-FFFE93A1C8FD}.Release|Any CPU.ActiveCfg = Release|Any CPU
		{AEABEA4C-77EF-4F4B-825D-FFFE93A1C8FD}.Release|Any CPU.Build.0 = Release|Any CPU
		{AEABEA4C-77EF-4F4B-825D-FFFE93A1C8FD}.Release|x64.ActiveCfg = Release|Any CPU
		{AEABEA4C-77EF-4F4B-825D-FFFE93A1C8FD}.Release|x64.Build.0 = Release|Any CPU
		{AEABEA4C-77EF-4F4B-825D-FFFE93A1C8FD}.Release|x86.ActiveCfg = Release|Any CPU
		{AEABEA4C-77EF-4F4B-825D-FFFE93A1C8FD}.Release|x86.Build.0 = Release|Any CPU
		{0D078132-B261-410D-A04F-0ABF5C4C7DD2}.Debug|Any CPU.ActiveCfg = Debug|Any CPU
		{0D078132-B261-410D-A04F-0ABF5C4C7DD2}.Debug|Any CPU.Build.0 = Debug|Any CPU
		{0D078132-B261-410D-A04F-0ABF5C4C7DD2}.Debug|x64.ActiveCfg = Debug|Any CPU
		{0D078132-B261-410D-A04F-0ABF5C4C7DD2}.Debug|x64.Build.0 = Debug|Any CPU
		{0D078132-B261-410D-A04F-0ABF5C4C7DD2}.Debug|x86.ActiveCfg = Debug|Any CPU
		{0D078132-B261-410D-A04F-0ABF5C4C7DD2}.Debug|x86.Build.0 = Debug|Any CPU
		{0D078132-B261-410D-A04F-0ABF5C4C7DD2}.Release|Any CPU.ActiveCfg = Release|Any CPU
		{0D078132-B261-410D-A04F-0ABF5C4C7DD2}.Release|Any CPU.Build.0 = Release|Any CPU
		{0D078132-B261-410D-A04F-0ABF5C4C7DD2}.Release|x64.ActiveCfg = Release|Any CPU
		{0D078132-B261-410D-A04F-0ABF5C4C7DD2}.Release|x64.Build.0 = Release|Any CPU
		{0D078132-B261-410D-A04F-0ABF5C4C7DD2}.Release|x86.ActiveCfg = Release|Any CPU
		{0D078132-B261-410D-A04F-0ABF5C4C7DD2}.Release|x86.Build.0 = Release|Any CPU
	EndGlobalSection
	GlobalSection(SolutionProperties) = preSolution
		HideSolutionNode = FALSE
	EndGlobalSection
	GlobalSection(NestedProjects) = preSolution
		{1DCFD70F-E675-46A7-AA13-61A4640FD322} = {827E0CD3-B72D-47B6-A68D-7590B98EB39B}
		{D41B1D3E-9687-405D-900B-C89E4EE24CA8} = {827E0CD3-B72D-47B6-A68D-7590B98EB39B}
		{DFF496F7-236F-4C6B-AF61-C0E972DB77EE} = {827E0CD3-B72D-47B6-A68D-7590B98EB39B}
		{B8129C99-6E4D-4062-AC35-B9C8FC402F60} = {827E0CD3-B72D-47B6-A68D-7590B98EB39B}
		{A10B7451-F092-46A6-BB9A-3FDC5FF73BFC} = {827E0CD3-B72D-47B6-A68D-7590B98EB39B}
		{69FDDFFD-3174-4744-97E3-59A138C717BB} = {0AB3BF05-4346-4AA6-1389-037BE0695223}
		{AEABEA4C-77EF-4F4B-825D-FFFE93A1C8FD} = {0AB3BF05-4346-4AA6-1389-037BE0695223}
		{0D078132-B261-410D-A04F-0ABF5C4C7DD2} = {827E0CD3-B72D-47B6-A68D-7590B98EB39B}
	EndGlobalSection
EndGlobal
